
Microsoft Visual Studio Solution File, Format Version 12.00
# Visual Studio Version 17
VisualStudioVersion = 17.4.33213.308
MinimumVisualStudioVersion = 10.0.40219.1
Project("{FAE04EC0-301F-11D3-BF4B-00C04F79EFBC}") = "008-虚方法", "008\008-虚方法.csproj", "{9C49B439-4213-4DDC-B3BE-BDAC7370FA4D}"
EndProject
Project("{FAE04EC0-301F-11D3-BF4B-00C04F79EFBC}") = "007-继承", "007-继承\007-继承.csproj", "{1C3A4F73-781F-4516-BB54-8C4DB43ECC9B}"
EndProject
Project("{FAE04EC0-301F-11D3-BF4B-00C04F79EFBC}") = "009-抽象类", "009-抽象类\009-抽象类.csproj", "{F9B97BE9-809D-46E0-B990-36BE4D24C130}"
EndProject
Project("{FAE04EC0-301F-11D3-BF4B-00C04F79EFBC}") = "010-子类的构造", "010-子类的构造\010-子类的构造.csproj", "{71A2FA27-A96E-4C46-8763-6A91D0640001}"
EndProject
Global
	GlobalSection(SolutionConfigurationPlatforms) = preSolution
		Debug|Any CPU = Debug|Any CPU
		Release|Any CPU = Release|Any CPU
	EndGlobalSection
	GlobalSection(ProjectConfigurationPlatforms) = postSolution
		{9C49B439-4213-4DDC-B3BE-BDAC7370FA4D}.Debug|Any CPU.ActiveCfg = Debug|Any CPU
		{9C49B439-4213-4DDC-B3BE-BDAC7370FA4D}.Debug|Any CPU.Build.0 = Debug|Any CPU
		{9C49B439-4213-4DDC-B3BE-BDAC7370FA4D}.Release|Any CPU.ActiveCfg = Release|Any CPU
		{9C49B439-4213-4DDC-B3BE-BDAC7370FA4D}.Release|Any CPU.Build.0 = Release|Any CPU
		{1C3A4F73-781F-4516-BB54-8C4DB43ECC9B}.Debug|Any CPU.ActiveCfg = Debug|Any CPU
		{1C3A4F73-781F-4516-BB54-8C4DB43ECC9B}.Debug|Any CPU.Build.0 = Debug|Any CPU
		{1C3A4F73-781F-4516-BB54-8C4DB43ECC9B}.Release|Any CPU.ActiveCfg = Release|Any CPU
		{1C3A4F73-781F-4516-BB54-8C4DB43ECC9B}.Release|Any CPU.Build.0 = Release|Any CPU
		{F9B97BE9-809D-46E0-B990-36BE4D24C130}.Debug|Any CPU.ActiveCfg = Debug|Any CPU
		{F9B97BE9-809D-46E0-B990-36BE4D24C130}.Debug|Any CPU.Build.0 = Debug|Any CPU
		{F9B97BE9-809D-46E0-B990-36BE4D24C130}.Release|Any CPU.ActiveCfg = Release|Any CPU
		{F9B97BE9-809D-46E0-B990-36BE4D24C130}.Release|Any CPU.Build.0 = Release|Any CPU
		{71A2FA27-A96E-4C46-8763-6A91D0640001}.Debug|Any CPU.ActiveCfg = Debug|Any CPU
		{71A2FA27-A96E-4C46-8763-6A91D0640001}.Debug|Any CPU.Build.0 = Debug|Any CPU
		{71A2FA27-A96E-4C46-8763-6A91D0640001}.Release|Any CPU.ActiveCfg = Release|Any CPU
		{71A2FA27-A96E-4C46-8763-6A91D0640001}.Release|Any CPU.Build.0 = Release|Any CPU
	EndGlobalSection
	GlobalSection(SolutionProperties) = preSolution
		HideSolutionNode = FALSE
	EndGlobalSection
	GlobalSection(ExtensibilityGlobals) = postSolution
		SolutionGuid = {55F4D4BC-1F31-41E0-A1EC-EA5559727988}
	EndGlobalSection
EndGlobal
