
Microsoft Visual Studio Solution File, Format Version 12.00
# Visual Studio Version 17
VisualStudioVersion = 17.4.33213.308
MinimumVisualStudioVersion = 10.0.40219.1
Project("{FAE04EC0-301F-11D3-BF4B-00C04F79EFBC}") = "007-继承", "..\007-继承\007-继承.csproj", "{1C3A4F73-781F-4516-BB54-8C4DB43ECC9B}"
EndProject
Project("{FAE04EC0-301F-11D3-BF4B-00C04F79EFBC}") = "008", "008\008.csproj", "{9C49B439-4213-4DDC-B3BE-BDAC7370FA4D}"
EndProject
Global
	GlobalSection(SolutionConfigurationPlatforms) = preSolution
		Debug|Any CPU = Debug|Any CPU
		Release|Any CPU = Release|Any CPU
	EndGlobalSection
	GlobalSection(ProjectConfigurationPlatforms) = postSolution
		{1C3A4F73-781F-4516-BB54-8C4DB43ECC9B}.Debug|Any CPU.ActiveCfg = Debug|Any CPU
		{1C3A4F73-781F-4516-BB54-8C4DB43ECC9B}.Debug|Any CPU.Build.0 = Debug|Any CPU
		{1C3A4F73-781F-4516-BB54-8C4DB43ECC9B}.Release|Any CPU.ActiveCfg = Release|Any CPU
		{1C3A4F73-781F-4516-BB54-8C4DB43ECC9B}.Release|Any CPU.Build.0 = Release|Any CPU
		{9C49B439-4213-4DDC-B3BE-BDAC7370FA4D}.Debug|Any CPU.ActiveCfg = Debug|Any CPU
		{9C49B439-4213-4DDC-B3BE-BDAC7370FA4D}.Debug|Any CPU.Build.0 = Debug|Any CPU
		{9C49B439-4213-4DDC-B3BE-BDAC7370FA4D}.Release|Any CPU.ActiveCfg = Release|Any CPU
		{9C49B439-4213-4DDC-B3BE-BDAC7370FA4D}.Release|Any CPU.Build.0 = Release|Any CPU
	EndGlobalSection
	GlobalSection(SolutionProperties) = preSolution
		HideSolutionNode = FALSE
	EndGlobalSection
	GlobalSection(ExtensibilityGlobals) = postSolution
		SolutionGuid = {55F4D4BC-1F31-41E0-A1EC-EA5559727988}
	EndGlobalSection
EndGlobal
