
Microsoft Visual Studio Solution File, Format Version 12.00
# Visual Studio Version 17
VisualStudioVersion = 17.5.33516.290
MinimumVisualStudioVersion = 10.0.40219.1
Project("{FAE04EC0-301F-11D3-BF4B-00C04F79EFBC}") = "01-命名空间", "001\01-命名空间.csproj", "{0EFFFAED-2622-49D3-B34E-1D883A467A74}"
EndProject
Project("{FAE04EC0-301F-11D3-BF4B-00C04F79EFBC}") = "03-字符串", "03-字符串\03-字符串.csproj", "{631ADE48-48D7-4201-BFCB-E67FD301D435}"
EndProject
Project("{FAE04EC0-301F-11D3-BF4B-00C04F79EFBC}") = "04-字符串（StringBuilder）", "04-字符串（StringBuilder）\04-字符串（StringBuilder）.csproj", "{2A5FCCE4-2E9B-4861-8DAC-C1AA5731555B}"
EndProject
Project("{FAE04EC0-301F-11D3-BF4B-00C04F79EFBC}") = "05-正则表达式", "05-正则表达式\05-正则表达式.csproj", "{0524DBED-DD87-41CC-BA95-90ABEE9C7CAB}"
EndProject
Project("{FAE04EC0-301F-11D3-BF4B-00C04F79EFBC}") = "06-委托", "06-委托\06-委托.csproj", "{6A95FAAE-0EBA-4A7F-A521-AC9165E86068}"
EndProject
Project("{FAE04EC0-301F-11D3-BF4B-00C04F79EFBC}") = "07-Action委托", "07-Action委托\07-Action委托.csproj", "{4D8B935E-744A-4263-B24D-99CFF350F9BE}"
EndProject
Project("{FAE04EC0-301F-11D3-BF4B-00C04F79EFBC}") = "08-Func委托", "08-Func委托\08-Func委托.csproj", "{07EF88DC-8494-4C26-93CE-192517234B92}"
EndProject
Project("{FAE04EC0-301F-11D3-BF4B-00C04F79EFBC}") = "09-利用委托升级冒泡排序", "09-利用委托升级冒泡排序\09-利用委托升级冒泡排序.csproj", "{7E78B914-7EF8-44C2-8024-52B66824498E}"
EndProject
Project("{FAE04EC0-301F-11D3-BF4B-00C04F79EFBC}") = "10-多播委托", "10-多播委托\10-多播委托.csproj", "{2F63F292-0F0D-44DF-BD4C-EEC083CD4484}"
EndProject
Global
	GlobalSection(SolutionConfigurationPlatforms) = preSolution
		Debug|Any CPU = Debug|Any CPU
		Release|Any CPU = Release|Any CPU
	EndGlobalSection
	GlobalSection(ProjectConfigurationPlatforms) = postSolution
		{0EFFFAED-2622-49D3-B34E-1D883A467A74}.Debug|Any CPU.ActiveCfg = Debug|Any CPU
		{0EFFFAED-2622-49D3-B34E-1D883A467A74}.Debug|Any CPU.Build.0 = Debug|Any CPU
		{0EFFFAED-2622-49D3-B34E-1D883A467A74}.Release|Any CPU.ActiveCfg = Release|Any CPU
		{0EFFFAED-2622-49D3-B34E-1D883A467A74}.Release|Any CPU.Build.0 = Release|Any CPU
		{631ADE48-48D7-4201-BFCB-E67FD301D435}.Debug|Any CPU.ActiveCfg = Debug|Any CPU
		{631ADE48-48D7-4201-BFCB-E67FD301D435}.Debug|Any CPU.Build.0 = Debug|Any CPU
		{631ADE48-48D7-4201-BFCB-E67FD301D435}.Release|Any CPU.ActiveCfg = Release|Any CPU
		{631ADE48-48D7-4201-BFCB-E67FD301D435}.Release|Any CPU.Build.0 = Release|Any CPU
		{2A5FCCE4-2E9B-4861-8DAC-C1AA5731555B}.Debug|Any CPU.ActiveCfg = Debug|Any CPU
		{2A5FCCE4-2E9B-4861-8DAC-C1AA5731555B}.Debug|Any CPU.Build.0 = Debug|Any CPU
		{2A5FCCE4-2E9B-4861-8DAC-C1AA5731555B}.Release|Any CPU.ActiveCfg = Release|Any CPU
		{2A5FCCE4-2E9B-4861-8DAC-C1AA5731555B}.Release|Any CPU.Build.0 = Release|Any CPU
		{0524DBED-DD87-41CC-BA95-90ABEE9C7CAB}.Debug|Any CPU.ActiveCfg = Debug|Any CPU
		{0524DBED-DD87-41CC-BA95-90ABEE9C7CAB}.Debug|Any CPU.Build.0 = Debug|Any CPU
		{0524DBED-DD87-41CC-BA95-90ABEE9C7CAB}.Release|Any CPU.ActiveCfg = Release|Any CPU
		{0524DBED-DD87-41CC-BA95-90ABEE9C7CAB}.Release|Any CPU.Build.0 = Release|Any CPU
		{6A95FAAE-0EBA-4A7F-A521-AC9165E86068}.Debug|Any CPU.ActiveCfg = Debug|Any CPU
		{6A95FAAE-0EBA-4A7F-A521-AC9165E86068}.Debug|Any CPU.Build.0 = Debug|Any CPU
		{6A95FAAE-0EBA-4A7F-A521-AC9165E86068}.Release|Any CPU.ActiveCfg = Release|Any CPU
		{6A95FAAE-0EBA-4A7F-A521-AC9165E86068}.Release|Any CPU.Build.0 = Release|Any CPU
		{4D8B935E-744A-4263-B24D-99CFF350F9BE}.Debug|Any CPU.ActiveCfg = Debug|Any CPU
		{4D8B935E-744A-4263-B24D-99CFF350F9BE}.Debug|Any CPU.Build.0 = Debug|Any CPU
		{4D8B935E-744A-4263-B24D-99CFF350F9BE}.Release|Any CPU.ActiveCfg = Release|Any CPU
		{4D8B935E-744A-4263-B24D-99CFF350F9BE}.Release|Any CPU.Build.0 = Release|Any CPU
		{07EF88DC-8494-4C26-93CE-192517234B92}.Debug|Any CPU.ActiveCfg = Debug|Any CPU
		{07EF88DC-8494-4C26-93CE-192517234B92}.Debug|Any CPU.Build.0 = Debug|Any CPU
		{07EF88DC-8494-4C26-93CE-192517234B92}.Release|Any CPU.ActiveCfg = Release|Any CPU
		{07EF88DC-8494-4C26-93CE-192517234B92}.Release|Any CPU.Build.0 = Release|Any CPU
		{7E78B914-7EF8-44C2-8024-52B66824498E}.Debug|Any CPU.ActiveCfg = Debug|Any CPU
		{7E78B914-7EF8-44C2-8024-52B66824498E}.Debug|Any CPU.Build.0 = Debug|Any CPU
		{7E78B914-7EF8-44C2-8024-52B66824498E}.Release|Any CPU.ActiveCfg = Release|Any CPU
		{7E78B914-7EF8-44C2-8024-52B66824498E}.Release|Any CPU.Build.0 = Release|Any CPU
		{2F63F292-0F0D-44DF-BD4C-EEC083CD4484}.Debug|Any CPU.ActiveCfg = Debug|Any CPU
		{2F63F292-0F0D-44DF-BD4C-EEC083CD4484}.Debug|Any CPU.Build.0 = Debug|Any CPU
		{2F63F292-0F0D-44DF-BD4C-EEC083CD4484}.Release|Any CPU.ActiveCfg = Release|Any CPU
		{2F63F292-0F0D-44DF-BD4C-EEC083CD4484}.Release|Any CPU.Build.0 = Release|Any CPU
	EndGlobalSection
	GlobalSection(SolutionProperties) = preSolution
		HideSolutionNode = FALSE
	EndGlobalSection
	GlobalSection(ExtensibilityGlobals) = postSolution
		SolutionGuid = {4F321227-E15E-454A-97C7-2EE91FE78C8D}
	EndGlobalSection
EndGlobal
